
Microsoft Visual Studio Solution File, Format Version 12.00
# Visual Studio Version 17
VisualStudioVersion = 17.8.34525.116
MinimumVisualStudioVersion = 10.0.40219.1
Project("{FAE04EC0-301F-11D3-BF4B-00C04F79EFBC}") = "PassionProject", "PassionProject\PassionProject.csproj", "{AD7ACC89-B8C5-4393-9262-B92C6CAD8A24}"
EndProject
Global
	GlobalSection(SolutionConfigurationPlatforms) = preSolution
		Debug|Any CPU = Debug|Any CPU
		Release|Any CPU = Release|Any CPU
	EndGlobalSection
	GlobalSection(ProjectConfigurationPlatforms) = postSolution
		{AD7ACC89-B8C5-4393-9262-B92C6CAD8A24}.Debug|Any CPU.ActiveCfg = Debug|Any CPU
		{AD7ACC89-B8C5-4393-9262-B92C6CAD8A24}.Debug|Any CPU.Build.0 = Debug|Any CPU
		{AD7ACC89-B8C5-4393-9262-B92C6CAD8A24}.Release|Any CPU.ActiveCfg = Release|Any CPU
		{AD7ACC89-B8C5-4393-9262-B92C6CAD8A24}.Release|Any CPU.Build.0 = Release|Any CPU
	EndGlobalSection
	GlobalSection(SolutionProperties) = preSolution
		HideSolutionNode = FALSE
	EndGlobalSection
	GlobalSection(ExtensibilityGlobals) = postSolution
		SolutionGuid = {1D16FB74-1C84-46E7-8FE7-410BEB16C8BB}
	EndGlobalSection
EndGlobal
